
Microsoft Visual Studio Solution File, Format Version 12.00
# Visual Studio Version 17
VisualStudioVersion = 17.9.34701.34
MinimumVisualStudioVersion = 10.0.40219.1
Project("{9A19103F-16F7-4668-BE54-9A1E7A4F7556}") = "LMSApi", "LMSApi\LMSApi.csproj", "{365E65D0-5053-45BA-B530-043FF7B882C3}"
EndProject
Project("{9A19103F-16F7-4668-BE54-9A1E7A4F7556}") = "LMSBase", "..\LMSBase\LMSBase\LMSBase.csproj", "{CC272660-90C2-47C2-9A1B-BD0D0ED0F561}"
EndProject
Project("{9A19103F-16F7-4668-BE54-9A1E7A4F7556}") = "DotNetToolkit", "..\DotnetToolKit\DotNetToolkit.csproj", "{ADEAC565-4B9A-4CA1-B435-8D39D37A3563}"
EndProject
Global
	GlobalSection(SolutionConfigurationPlatforms) = preSolution
		Debug|Any CPU = Debug|Any CPU
		Release|Any CPU = Release|Any CPU
	EndGlobalSection
	GlobalSection(ProjectConfigurationPlatforms) = postSolution
		{365E65D0-5053-45BA-B530-043FF7B882C3}.Debug|Any CPU.ActiveCfg = Debug|Any CPU
		{365E65D0-5053-45BA-B530-043FF7B882C3}.Debug|Any CPU.Build.0 = Debug|Any CPU
		{365E65D0-5053-45BA-B530-043FF7B882C3}.Release|Any CPU.ActiveCfg = Release|Any CPU
		{365E65D0-5053-45BA-B530-043FF7B882C3}.Release|Any CPU.Build.0 = Release|Any CPU
		{CC272660-90C2-47C2-9A1B-BD0D0ED0F561}.Debug|Any CPU.ActiveCfg = Debug|Any CPU
		{CC272660-90C2-47C2-9A1B-BD0D0ED0F561}.Debug|Any CPU.Build.0 = Debug|Any CPU
		{CC272660-90C2-47C2-9A1B-BD0D0ED0F561}.Release|Any CPU.ActiveCfg = Release|Any CPU
		{CC272660-90C2-47C2-9A1B-BD0D0ED0F561}.Release|Any CPU.Build.0 = Release|Any CPU
		{ADEAC565-4B9A-4CA1-B435-8D39D37A3563}.Debug|Any CPU.ActiveCfg = Debug|Any CPU
		{ADEAC565-4B9A-4CA1-B435-8D39D37A3563}.Debug|Any CPU.Build.0 = Debug|Any CPU
		{ADEAC565-4B9A-4CA1-B435-8D39D37A3563}.Release|Any CPU.ActiveCfg = Release|Any CPU
		{ADEAC565-4B9A-4CA1-B435-8D39D37A3563}.Release|Any CPU.Build.0 = Release|Any CPU
	EndGlobalSection
	GlobalSection(SolutionProperties) = preSolution
		HideSolutionNode = FALSE
	EndGlobalSection
	GlobalSection(ExtensibilityGlobals) = postSolution
		SolutionGuid = {B07EC857-29EE-4FFD-8C62-2C6E2B7E0F2B}
	EndGlobalSection
EndGlobal
