
Microsoft Visual Studio Solution File, Format Version 12.00
# Visual Studio Version 17
VisualStudioVersion = 17.9.34701.34
MinimumVisualStudioVersion = 10.0.40219.1
Project("{FAE04EC0-301F-11D3-BF4B-00C04F79EFBC}") = "LMSBlazor", "LMSBlazor\LMSBlazor\LMSBlazor.csproj", "{EDA56471-9F69-4E76-97C5-2532D6F4A158}"
EndProject
Project("{FAE04EC0-301F-11D3-BF4B-00C04F79EFBC}") = "LMSBlazor.Client", "LMSBlazor\LMSBlazor.Client\LMSBlazor.Client.csproj", "{6E41409E-F957-4354-B890-1A4F29D2AF32}"
EndProject
Project("{9A19103F-16F7-4668-BE54-9A1E7A4F7556}") = "LMSBase", "..\LMSBase\LMSBase\LMSBase.csproj", "{3459950F-387A-4DDC-95A2-A706D28EB5C2}"
EndProject
Global
	GlobalSection(SolutionConfigurationPlatforms) = preSolution
		Debug|Any CPU = Debug|Any CPU
		Release|Any CPU = Release|Any CPU
	EndGlobalSection
	GlobalSection(ProjectConfigurationPlatforms) = postSolution
		{EDA56471-9F69-4E76-97C5-2532D6F4A158}.Debug|Any CPU.ActiveCfg = Debug|Any CPU
		{EDA56471-9F69-4E76-97C5-2532D6F4A158}.Debug|Any CPU.Build.0 = Debug|Any CPU
		{EDA56471-9F69-4E76-97C5-2532D6F4A158}.Release|Any CPU.ActiveCfg = Release|Any CPU
		{EDA56471-9F69-4E76-97C5-2532D6F4A158}.Release|Any CPU.Build.0 = Release|Any CPU
		{6E41409E-F957-4354-B890-1A4F29D2AF32}.Debug|Any CPU.ActiveCfg = Debug|Any CPU
		{6E41409E-F957-4354-B890-1A4F29D2AF32}.Debug|Any CPU.Build.0 = Debug|Any CPU
		{6E41409E-F957-4354-B890-1A4F29D2AF32}.Release|Any CPU.ActiveCfg = Release|Any CPU
		{6E41409E-F957-4354-B890-1A4F29D2AF32}.Release|Any CPU.Build.0 = Release|Any CPU
		{3459950F-387A-4DDC-95A2-A706D28EB5C2}.Debug|Any CPU.ActiveCfg = Debug|Any CPU
		{3459950F-387A-4DDC-95A2-A706D28EB5C2}.Debug|Any CPU.Build.0 = Debug|Any CPU
		{3459950F-387A-4DDC-95A2-A706D28EB5C2}.Release|Any CPU.ActiveCfg = Release|Any CPU
		{3459950F-387A-4DDC-95A2-A706D28EB5C2}.Release|Any CPU.Build.0 = Release|Any CPU
	EndGlobalSection
	GlobalSection(SolutionProperties) = preSolution
		HideSolutionNode = FALSE
	EndGlobalSection
	GlobalSection(ExtensibilityGlobals) = postSolution
		SolutionGuid = {474B03B9-A690-4FBD-9611-430D1FF7DBC0}
	EndGlobalSection
EndGlobal
