
Microsoft Visual Studio Solution File, Format Version 12.00
# Visual Studio Version 17
VisualStudioVersion = 17.9.34701.34
MinimumVisualStudioVersion = 10.0.40219.1
Project("{FAE04EC0-301F-11D3-BF4B-00C04F79EFBC}") = "LMSBlazor", "LMSBlazor\LMSBlazor.csproj", "{82040867-7000-46F9-B972-1C6214FE8332}"
EndProject
Project("{9A19103F-16F7-4668-BE54-9A1E7A4F7556}") = "LMSBase", "..\LMSBase\LMSBase\LMSBase.csproj", "{DDD0B376-1E62-4C50-A72C-9FE2C2FB1ADE}"
EndProject
Global
	GlobalSection(SolutionConfigurationPlatforms) = preSolution
		Debug|Any CPU = Debug|Any CPU
		Release|Any CPU = Release|Any CPU
	EndGlobalSection
	GlobalSection(ProjectConfigurationPlatforms) = postSolution
		{82040867-7000-46F9-B972-1C6214FE8332}.Debug|Any CPU.ActiveCfg = Debug|Any CPU
		{82040867-7000-46F9-B972-1C6214FE8332}.Debug|Any CPU.Build.0 = Debug|Any CPU
		{82040867-7000-46F9-B972-1C6214FE8332}.Release|Any CPU.ActiveCfg = Release|Any CPU
		{82040867-7000-46F9-B972-1C6214FE8332}.Release|Any CPU.Build.0 = Release|Any CPU
		{DDD0B376-1E62-4C50-A72C-9FE2C2FB1ADE}.Debug|Any CPU.ActiveCfg = Debug|Any CPU
		{DDD0B376-1E62-4C50-A72C-9FE2C2FB1ADE}.Debug|Any CPU.Build.0 = Debug|Any CPU
		{DDD0B376-1E62-4C50-A72C-9FE2C2FB1ADE}.Release|Any CPU.ActiveCfg = Release|Any CPU
		{DDD0B376-1E62-4C50-A72C-9FE2C2FB1ADE}.Release|Any CPU.Build.0 = Release|Any CPU
	EndGlobalSection
	GlobalSection(SolutionProperties) = preSolution
		HideSolutionNode = FALSE
	EndGlobalSection
	GlobalSection(ExtensibilityGlobals) = postSolution
		SolutionGuid = {8715A078-882C-4579-8D0A-5D3A3437CC02}
	EndGlobalSection
EndGlobal
